
Microsoft Visual Studio Solution File, Format Version 12.00
# Visual Studio Version 17
VisualStudioVersion = 17.11.35312.102
MinimumVisualStudioVersion = 10.0.40219.1
Project("{FAE04EC0-301F-11D3-BF4B-00C04F79EFBC}") = "ArpineAmiryan", "ArpineAmiryan\ArpineAmiryan.csproj", "{3C80330E-0B23-4C6C-9D49-A7C11985358C}"
EndProject
Global
	GlobalSection(SolutionConfigurationPlatforms) = preSolution
		Debug|Any CPU = Debug|Any CPU
		Release|Any CPU = Release|Any CPU
	EndGlobalSection
	GlobalSection(ProjectConfigurationPlatforms) = postSolution
		{3C80330E-0B23-4C6C-9D49-A7C11985358C}.Debug|Any CPU.ActiveCfg = Debug|Any CPU
		{3C80330E-0B23-4C6C-9D49-A7C11985358C}.Debug|Any CPU.Build.0 = Debug|Any CPU
		{3C80330E-0B23-4C6C-9D49-A7C11985358C}.Release|Any CPU.ActiveCfg = Release|Any CPU
		{3C80330E-0B23-4C6C-9D49-A7C11985358C}.Release|Any CPU.Build.0 = Release|Any CPU
	EndGlobalSection
	GlobalSection(SolutionProperties) = preSolution
		HideSolutionNode = FALSE
	EndGlobalSection
	GlobalSection(ExtensibilityGlobals) = postSolution
		SolutionGuid = {4932FAC6-870E-411A-9699-433BEA8BCFA7}
	EndGlobalSection
EndGlobal
