
Microsoft Visual Studio Solution File, Format Version 12.00
# Visual Studio Version 17
VisualStudioVersion = 17.11.35312.102
MinimumVisualStudioVersion = 10.0.40219.1
Project("{FAE04EC0-301F-11D3-BF4B-00C04F79EFBC}") = "List", "List\List.csproj", "{66C5E2A5-CC88-4B0D-B1D0-127F70BB3971}"
EndProject
Global
	GlobalSection(SolutionConfigurationPlatforms) = preSolution
		Debug|Any CPU = Debug|Any CPU
		Release|Any CPU = Release|Any CPU
	EndGlobalSection
	GlobalSection(ProjectConfigurationPlatforms) = postSolution
		{66C5E2A5-CC88-4B0D-B1D0-127F70BB3971}.Debug|Any CPU.ActiveCfg = Debug|Any CPU
		{66C5E2A5-CC88-4B0D-B1D0-127F70BB3971}.Debug|Any CPU.Build.0 = Debug|Any CPU
		{66C5E2A5-CC88-4B0D-B1D0-127F70BB3971}.Release|Any CPU.ActiveCfg = Release|Any CPU
		{66C5E2A5-CC88-4B0D-B1D0-127F70BB3971}.Release|Any CPU.Build.0 = Release|Any CPU
	EndGlobalSection
	GlobalSection(SolutionProperties) = preSolution
		HideSolutionNode = FALSE
	EndGlobalSection
	GlobalSection(ExtensibilityGlobals) = postSolution
		SolutionGuid = {D2AD41B4-7E86-4B7D-884E-A421F1A36026}
	EndGlobalSection
EndGlobal
